// !$*UTF8*$!
{
	archiveVersion = 1;
	classes = {
	};
	objectVersion = 50;
	objects = {

/* Begin PBXBuildFile section */
		5D3125032581BE55001092FA /* 860. 柠檬水找零.swift in Sources */ = {isa = PBXBuildFile; fileRef = 5D3125022581BE55001092FA /* 860. 柠檬水找零.swift */; };
		5D3125052581BE81001092FA /* 62. 不同路径.swift in Sources */ = {isa = PBXBuildFile; fileRef = 5D3125042581BE81001092FA /* 62. 不同路径.swift */; };
		5D49E179257A02CE0000982B /* main.swift in Sources */ = {isa = PBXBuildFile; fileRef = 5D49E178257A02CE0000982B /* main.swift */; };
		5D49E181257A030C0000982B /* 659. 分割数组为连续子序列.swift in Sources */ = {isa = PBXBuildFile; fileRef = 5D49E180257A030C0000982B /* 659. 分割数组为连续子序列.swift */; };
		5D49E18F257BD6100000982B /* 621. 任务调度器.swift in Sources */ = {isa = PBXBuildFile; fileRef = 5D49E18E257BD6100000982B /* 621. 任务调度器.swift */; };
		5D49E191257C6B270000982B /* 118. 杨辉三角.swift in Sources */ = {isa = PBXBuildFile; fileRef = 5D49E190257C6B270000982B /* 118. 杨辉三角.swift */; };
		5D49E19F257DF18E0000982B /* 861. 翻转矩阵后的得分.swift in Sources */ = {isa = PBXBuildFile; fileRef = 5D49E19E257DF18E0000982B /* 861. 翻转矩阵后的得分.swift */; };
		5D86ECF6258302F700D51B3C /* 649. Dota2 参议院.swift in Sources */ = {isa = PBXBuildFile; fileRef = 5D86ECF5258302F700D51B3C /* 649. Dota2 参议院.swift */; };
		5D86ECFD2584492E00D51B3C /* 376. 摆动序列.swift in Sources */ = {isa = PBXBuildFile; fileRef = 5D86ECFC2584492E00D51B3C /* 376. 摆动序列.swift */; };
		5D9EFAE8258067BC00E4E1BA /* 842. 将数组拆分成斐波那契序列.swift in Sources */ = {isa = PBXBuildFile; fileRef = 5D9EFAE7258067BC00E4E1BA /* 842. 将数组拆分成斐波那契序列.swift */; };
/* End PBXBuildFile section */

/* Begin PBXCopyFilesBuildPhase section */
		5D49E173257A02CE0000982B /* CopyFiles */ = {
			isa = PBXCopyFilesBuildPhase;
			buildActionMask = 2147483647;
			dstPath = /usr/share/man/man1/;
			dstSubfolderSpec = 0;
			files = (
			);
			runOnlyForDeploymentPostprocessing = 1;
		};
/* End PBXCopyFilesBuildPhase section */

/* Begin PBXFileReference section */
		5D3125022581BE55001092FA /* 860. 柠檬水找零.swift */ = {isa = PBXFileReference; lastKnownFileType = sourcecode.swift; path = "860. 柠檬水找零.swift"; sourceTree = "<group>"; };
		5D3125042581BE81001092FA /* 62. 不同路径.swift */ = {isa = PBXFileReference; lastKnownFileType = sourcecode.swift; path = "62. 不同路径.swift"; sourceTree = "<group>"; };
		5D49E175257A02CE0000982B /* leetcode-swift */ = {isa = PBXFileReference; explicitFileType = "compiled.mach-o.executable"; includeInIndex = 0; path = "leetcode-swift"; sourceTree = BUILT_PRODUCTS_DIR; };
		5D49E178257A02CE0000982B /* main.swift */ = {isa = PBXFileReference; lastKnownFileType = sourcecode.swift; path = main.swift; sourceTree = "<group>"; };
		5D49E180257A030C0000982B /* 659. 分割数组为连续子序列.swift */ = {isa = PBXFileReference; lastKnownFileType = sourcecode.swift; path = "659. 分割数组为连续子序列.swift"; sourceTree = "<group>"; };
		5D49E18E257BD6100000982B /* 621. 任务调度器.swift */ = {isa = PBXFileReference; lastKnownFileType = sourcecode.swift; path = "621. 任务调度器.swift"; sourceTree = "<group>"; };
		5D49E190257C6B270000982B /* 118. 杨辉三角.swift */ = {isa = PBXFileReference; lastKnownFileType = sourcecode.swift; path = "118. 杨辉三角.swift"; sourceTree = "<group>"; };
		5D49E19E257DF18E0000982B /* 861. 翻转矩阵后的得分.swift */ = {isa = PBXFileReference; lastKnownFileType = sourcecode.swift; path = "861. 翻转矩阵后的得分.swift"; sourceTree = "<group>"; };
		5D86ECF5258302F700D51B3C /* 649. Dota2 参议院.swift */ = {isa = PBXFileReference; lastKnownFileType = sourcecode.swift; path = "649. Dota2 参议院.swift"; sourceTree = "<group>"; };
		5D86ECFC2584492E00D51B3C /* 376. 摆动序列.swift */ = {isa = PBXFileReference; lastKnownFileType = sourcecode.swift; path = "376. 摆动序列.swift"; sourceTree = "<group>"; };
		5D9EFAE7258067BC00E4E1BA /* 842. 将数组拆分成斐波那契序列.swift */ = {isa = PBXFileReference; lastKnownFileType = sourcecode.swift; path = "842. 将数组拆分成斐波那契序列.swift"; sourceTree = "<group>"; };
/* End PBXFileReference section */

/* Begin PBXFrameworksBuildPhase section */
		5D49E172257A02CE0000982B /* Frameworks */ = {
			isa = PBXFrameworksBuildPhase;
			buildActionMask = 2147483647;
			files = (
			);
			runOnlyForDeploymentPostprocessing = 0;
		};
/* End PBXFrameworksBuildPhase section */

/* Begin PBXGroup section */
		5D49E16C257A02CE0000982B = {
			isa = PBXGroup;
			children = (
				5D49E177257A02CE0000982B /* leetcode-swift */,
				5D49E176257A02CE0000982B /* Products */,
			);
			sourceTree = "<group>";
		};
		5D49E176257A02CE0000982B /* Products */ = {
			isa = PBXGroup;
			children = (
				5D49E175257A02CE0000982B /* leetcode-swift */,
			);
			name = Products;
			sourceTree = "<group>";
		};
		5D49E177257A02CE0000982B /* leetcode-swift */ = {
			isa = PBXGroup;
			children = (
				5D49E17F257A02E00000982B /* 2020M12 */,
				5D49E178257A02CE0000982B /* main.swift */,
			);
			path = "leetcode-swift";
			sourceTree = "<group>";
		};
		5D49E17F257A02E00000982B /* 2020M12 */ = {
			isa = PBXGroup;
			children = (
				5D49E180257A030C0000982B /* 659. 分割数组为连续子序列.swift */,
				5D49E18E257BD6100000982B /* 621. 任务调度器.swift */,
				5D49E190257C6B270000982B /* 118. 杨辉三角.swift */,
				5D49E19E257DF18E0000982B /* 861. 翻转矩阵后的得分.swift */,
				5D9EFAE7258067BC00E4E1BA /* 842. 将数组拆分成斐波那契序列.swift */,
				5D3125022581BE55001092FA /* 860. 柠檬水找零.swift */,
				5D3125042581BE81001092FA /* 62. 不同路径.swift */,
				5D86ECF5258302F700D51B3C /* 649. Dota2 参议院.swift */,
				5D86ECFC2584492E00D51B3C /* 376. 摆动序列.swift */,
			);
			path = 2020M12;
			sourceTree = "<group>";
		};
/* End PBXGroup section */

/* Begin PBXNativeTarget section */
		5D49E174257A02CE0000982B /* leetcode-swift */ = {
			isa = PBXNativeTarget;
			buildConfigurationList = 5D49E17C257A02CE0000982B /* Build configuration list for PBXNativeTarget "leetcode-swift" */;
			buildPhases = (
				5D49E171257A02CE0000982B /* Sources */,
				5D49E172257A02CE0000982B /* Frameworks */,
				5D49E173257A02CE0000982B /* CopyFiles */,
			);
			buildRules = (
			);
			dependencies = (
			);
			name = "leetcode-swift";
			productName = "leetcode-swift";
			productReference = 5D49E175257A02CE0000982B /* leetcode-swift */;
			productType = "com.apple.product-type.tool";
		};
/* End PBXNativeTarget section */

/* Begin PBXProject section */
		5D49E16D257A02CE0000982B /* Project object */ = {
			isa = PBXProject;
			attributes = {
				LastSwiftUpdateCheck = 1130;
				LastUpgradeCheck = 1130;
				ORGANIZATIONNAME = com;
				TargetAttributes = {
					5D49E174257A02CE0000982B = {
						CreatedOnToolsVersion = 11.3.1;
					};
				};
			};
			buildConfigurationList = 5D49E170257A02CE0000982B /* Build configuration list for PBXProject "leetcode-swift" */;
			compatibilityVersion = "Xcode 9.3";
			developmentRegion = en;
			hasScannedForEncodings = 0;
			knownRegions = (
				en,
				Base,
			);
			mainGroup = 5D49E16C257A02CE0000982B;
			productRefGroup = 5D49E176257A02CE0000982B /* Products */;
			projectDirPath = "";
			projectRoot = "";
			targets = (
				5D49E174257A02CE0000982B /* leetcode-swift */,
			);
		};
/* End PBXProject section */

/* Begin PBXSourcesBuildPhase section */
		5D49E171257A02CE0000982B /* Sources */ = {
			isa = PBXSourcesBuildPhase;
			buildActionMask = 2147483647;
			files = (
				5D49E19F257DF18E0000982B /* 861. 翻转矩阵后的得分.swift in Sources */,
				5D9EFAE8258067BC00E4E1BA /* 842. 将数组拆分成斐波那契序列.swift in Sources */,
				5D86ECFD2584492E00D51B3C /* 376. 摆动序列.swift in Sources */,
				5D3125032581BE55001092FA /* 860. 柠檬水找零.swift in Sources */,
				5D3125052581BE81001092FA /* 62. 不同路径.swift in Sources */,
				5D86ECF6258302F700D51B3C /* 649. Dota2 参议院.swift in Sources */,
				5D49E179257A02CE0000982B /* main.swift in Sources */,
				5D49E18F257BD6100000982B /* 621. 任务调度器.swift in Sources */,
				5D49E191257C6B270000982B /* 118. 杨辉三角.swift in Sources */,
				5D49E181257A030C0000982B /* 659. 分割数组为连续子序列.swift in Sources */,
			);
			runOnlyForDeploymentPostprocessing = 0;
		};
/* End PBXSourcesBuildPhase section */

/* Begin XCBuildConfiguration section */
		5D49E17A257A02CE0000982B /* Debug */ = {
			isa = XCBuildConfiguration;
			buildSettings = {
				ALWAYS_SEARCH_USER_PATHS = NO;
				CLANG_ANALYZER_NONNULL = YES;
				CLANG_ANALYZER_NUMBER_OBJECT_CONVERSION = YES_AGGRESSIVE;
				CLANG_CXX_LANGUAGE_STANDARD = "gnu++14";
				CLANG_CXX_LIBRARY = "libc++";
				CLANG_ENABLE_MODULES = YES;
				CLANG_ENABLE_OBJC_ARC = YES;
				CLANG_ENABLE_OBJC_WEAK = YES;
				CLANG_WARN_BLOCK_CAPTURE_AUTORELEASING = YES;
				CLANG_WARN_BOOL_CONVERSION = YES;
				CLANG_WARN_COMMA = YES;
				CLANG_WARN_CONSTANT_CONVERSION = YES;
				CLANG_WARN_DEPRECATED_OBJC_IMPLEMENTATIONS = YES;
				CLANG_WARN_DIRECT_OBJC_ISA_USAGE = YES_ERROR;
				CLANG_WARN_DOCUMENTATION_COMMENTS = YES;
				CLANG_WARN_EMPTY_BODY = YES;
				CLANG_WARN_ENUM_CONVERSION = YES;
				CLANG_WARN_INFINITE_RECURSION = YES;
				CLANG_WARN_INT_CONVERSION = YES;
				CLANG_WARN_NON_LITERAL_NULL_CONVERSION = YES;
				CLANG_WARN_OBJC_IMPLICIT_RETAIN_SELF = YES;
				CLANG_WARN_OBJC_LITERAL_CONVERSION = YES;
				CLANG_WARN_OBJC_ROOT_CLASS = YES_ERROR;
				CLANG_WARN_RANGE_LOOP_ANALYSIS = YES;
				CLANG_WARN_STRICT_PROTOTYPES = YES;
				CLANG_WARN_SUSPICIOUS_MOVE = YES;
				CLANG_WARN_UNGUARDED_AVAILABILITY = YES_AGGRESSIVE;
				CLANG_WARN_UNREACHABLE_CODE = YES;
				CLANG_WARN__DUPLICATE_METHOD_MATCH = YES;
				COPY_PHASE_STRIP = NO;
				DEBUG_INFORMATION_FORMAT = dwarf;
				ENABLE_STRICT_OBJC_MSGSEND = YES;
				ENABLE_TESTABILITY = YES;
				GCC_C_LANGUAGE_STANDARD = gnu11;
				GCC_DYNAMIC_NO_PIC = NO;
				GCC_NO_COMMON_BLOCKS = YES;
				GCC_OPTIMIZATION_LEVEL = 0;
				GCC_PREPROCESSOR_DEFINITIONS = (
					"DEBUG=1",
					"$(inherited)",
				);
				GCC_WARN_64_TO_32_BIT_CONVERSION = YES;
				GCC_WARN_ABOUT_RETURN_TYPE = YES_ERROR;
				GCC_WARN_UNDECLARED_SELECTOR = YES;
				GCC_WARN_UNINITIALIZED_AUTOS = YES_AGGRESSIVE;
				GCC_WARN_UNUSED_FUNCTION = YES;
				GCC_WARN_UNUSED_VARIABLE = YES;
				MACOSX_DEPLOYMENT_TARGET = 10.15;
				MTL_ENABLE_DEBUG_INFO = INCLUDE_SOURCE;
				MTL_FAST_MATH = YES;
				ONLY_ACTIVE_ARCH = YES;
				SDKROOT = macosx;
				SWIFT_ACTIVE_COMPILATION_CONDITIONS = DEBUG;
				SWIFT_OPTIMIZATION_LEVEL = "-Onone";
			};
			name = Debug;
		};
		5D49E17B257A02CE0000982B /* Release */ = {
			isa = XCBuildConfiguration;
			buildSettings = {
				ALWAYS_SEARCH_USER_PATHS = NO;
				CLANG_ANALYZER_NONNULL = YES;
				CLANG_ANALYZER_NUMBER_OBJECT_CONVERSION = YES_AGGRESSIVE;
				CLANG_CXX_LANGUAGE_STANDARD = "gnu++14";
				CLANG_CXX_LIBRARY = "libc++";
				CLANG_ENABLE_MODULES = YES;
				CLANG_ENABLE_OBJC_ARC = YES;
				CLANG_ENABLE_OBJC_WEAK = YES;
				CLANG_WARN_BLOCK_CAPTURE_AUTORELEASING = YES;
				CLANG_WARN_BOOL_CONVERSION = YES;
				CLANG_WARN_COMMA = YES;
				CLANG_WARN_CONSTANT_CONVERSION = YES;
				CLANG_WARN_DEPRECATED_OBJC_IMPLEMENTATIONS = YES;
				CLANG_WARN_DIRECT_OBJC_ISA_USAGE = YES_ERROR;
				CLANG_WARN_DOCUMENTATION_COMMENTS = YES;
				CLANG_WARN_EMPTY_BODY = YES;
				CLANG_WARN_ENUM_CONVERSION = YES;
				CLANG_WARN_INFINITE_RECURSION = YES;
				CLANG_WARN_INT_CONVERSION = YES;
				CLANG_WARN_NON_LITERAL_NULL_CONVERSION = YES;
				CLANG_WARN_OBJC_IMPLICIT_RETAIN_SELF = YES;
				CLANG_WARN_OBJC_LITERAL_CONVERSION = YES;
				CLANG_WARN_OBJC_ROOT_CLASS = YES_ERROR;
				CLANG_WARN_RANGE_LOOP_ANALYSIS = YES;
				CLANG_WARN_STRICT_PROTOTYPES = YES;
				CLANG_WARN_SUSPICIOUS_MOVE = YES;
				CLANG_WARN_UNGUARDED_AVAILABILITY = YES_AGGRESSIVE;
				CLANG_WARN_UNREACHABLE_CODE = YES;
				CLANG_WARN__DUPLICATE_METHOD_MATCH = YES;
				COPY_PHASE_STRIP = NO;
				DEBUG_INFORMATION_FORMAT = "dwarf-with-dsym";
				ENABLE_NS_ASSERTIONS = NO;
				ENABLE_STRICT_OBJC_MSGSEND = YES;
				GCC_C_LANGUAGE_STANDARD = gnu11;
				GCC_NO_COMMON_BLOCKS = YES;
				GCC_WARN_64_TO_32_BIT_CONVERSION = YES;
				GCC_WARN_ABOUT_RETURN_TYPE = YES_ERROR;
				GCC_WARN_UNDECLARED_SELECTOR = YES;
				GCC_WARN_UNINITIALIZED_AUTOS = YES_AGGRESSIVE;
				GCC_WARN_UNUSED_FUNCTION = YES;
				GCC_WARN_UNUSED_VARIABLE = YES;
				MACOSX_DEPLOYMENT_TARGET = 10.15;
				MTL_ENABLE_DEBUG_INFO = NO;
				MTL_FAST_MATH = YES;
				SDKROOT = macosx;
				SWIFT_COMPILATION_MODE = wholemodule;
				SWIFT_OPTIMIZATION_LEVEL = "-O";
			};
			name = Release;
		};
		5D49E17D257A02CE0000982B /* Debug */ = {
			isa = XCBuildConfiguration;
			buildSettings = {
				CODE_SIGN_STYLE = Automatic;
				PRODUCT_NAME = "$(TARGET_NAME)";
				SWIFT_VERSION = 5.0;
			};
			name = Debug;
		};
		5D49E17E257A02CE0000982B /* Release */ = {
			isa = XCBuildConfiguration;
			buildSettings = {
				CODE_SIGN_STYLE = Automatic;
				PRODUCT_NAME = "$(TARGET_NAME)";
				SWIFT_VERSION = 5.0;
			};
			name = Release;
		};
/* End XCBuildConfiguration section */

/* Begin XCConfigurationList section */
		5D49E170257A02CE0000982B /* Build configuration list for PBXProject "leetcode-swift" */ = {
			isa = XCConfigurationList;
			buildConfigurations = (
				5D49E17A257A02CE0000982B /* Debug */,
				5D49E17B257A02CE0000982B /* Release */,
			);
			defaultConfigurationIsVisible = 0;
			defaultConfigurationName = Release;
		};
		5D49E17C257A02CE0000982B /* Build configuration list for PBXNativeTarget "leetcode-swift" */ = {
			isa = XCConfigurationList;
			buildConfigurations = (
				5D49E17D257A02CE0000982B /* Debug */,
				5D49E17E257A02CE0000982B /* Release */,
			);
			defaultConfigurationIsVisible = 0;
			defaultConfigurationName = Release;
		};
/* End XCConfigurationList section */
	};
	rootObject = 5D49E16D257A02CE0000982B /* Project object */;
}
